
Microsoft Visual Studio Solution File, Format Version 12.00
# Visual Studio Version 16
VisualStudioVersion = 16.0.30907.101
MinimumVisualStudioVersion = 10.0.40219.1
Project("{FAE04EC0-301F-11D3-BF4B-00C04F79EFBC}") = "ClassProjectDeliverable2IterativeStatement", "ClassProjectDeliverable2IterativeStatement.csproj", "{6AE85927-88D4-467C-9B16-6C87292A5839}"
EndProject
Global
	GlobalSection(SolutionConfigurationPlatforms) = preSolution
		Debug|Any CPU = Debug|Any CPU
		Release|Any CPU = Release|Any CPU
	EndGlobalSection
	GlobalSection(ProjectConfigurationPlatforms) = postSolution
		{6AE85927-88D4-467C-9B16-6C87292A5839}.Debug|Any CPU.ActiveCfg = Debug|Any CPU
		{6AE85927-88D4-467C-9B16-6C87292A5839}.Debug|Any CPU.Build.0 = Debug|Any CPU
		{6AE85927-88D4-467C-9B16-6C87292A5839}.Release|Any CPU.ActiveCfg = Release|Any CPU
		{6AE85927-88D4-467C-9B16-6C87292A5839}.Release|Any CPU.Build.0 = Release|Any CPU
	EndGlobalSection
	GlobalSection(SolutionProperties) = preSolution
		HideSolutionNode = FALSE
	EndGlobalSection
	GlobalSection(ExtensibilityGlobals) = postSolution
		SolutionGuid = {C587EE64-84F3-453E-9B42-2A48DBC18458}
	EndGlobalSection
EndGlobal
